// !$*UTF8*$!
{
	archiveVersion = 1;
	classes = {
	};
	objectVersion = 55;
	objects = {

/* Begin PBXBuildFile section */
		E4027DF028D0FA7000894186 /* Request.swift in Sources */ = {isa = PBXBuildFile; fileRef = E4027DEF28D0FA7000894186 /* Request.swift */; };
		E489FBD828D0C3EF002DE722 /* AppDelegate.swift in Sources */ = {isa = PBXBuildFile; fileRef = E489FBD728D0C3EF002DE722 /* AppDelegate.swift */; };
		E489FBE128D0C3F1002DE722 /* Assets.xcassets in Resources */ = {isa = PBXBuildFile; fileRef = E489FBE028D0C3F1002DE722 /* Assets.xcassets */; };
		E489FBE428D0C3F1002DE722 /* LaunchScreen.storyboard in Resources */ = {isa = PBXBuildFile; fileRef = E489FBE228D0C3F1002DE722 /* LaunchScreen.storyboard */; };
		E489FBF228D0C9AC002DE722 /* NewsModel.swift in Sources */ = {isa = PBXBuildFile; fileRef = E489FBF128D0C9AC002DE722 /* NewsModel.swift */; };
		E489FBF428D0C9F2002DE722 /* CustomImageView.swift in Sources */ = {isa = PBXBuildFile; fileRef = E489FBF328D0C9F2002DE722 /* CustomImageView.swift */; };
		E489FBF628D0CA2A002DE722 /* NetworkManager.swift in Sources */ = {isa = PBXBuildFile; fileRef = E489FBF528D0CA2A002DE722 /* NetworkManager.swift */; };
		E489FBF828D0CA8E002DE722 /* NewsListController.swift in Sources */ = {isa = PBXBuildFile; fileRef = E489FBF728D0CA8E002DE722 /* NewsListController.swift */; };
		E489FBFA28D0CAC2002DE722 /* NewsDetailsController.swift in Sources */ = {isa = PBXBuildFile; fileRef = E489FBF928D0CAC2002DE722 /* NewsDetailsController.swift */; };
/* End PBXBuildFile section */

/* Begin PBXFileReference section */
		E4027DEF28D0FA7000894186 /* Request.swift */ = {isa = PBXFileReference; lastKnownFileType = sourcecode.swift; path = Request.swift; sourceTree = "<group>"; };
		E489FBD428D0C3EF002DE722 /* TucanNews.app */ = {isa = PBXFileReference; explicitFileType = wrapper.application; includeInIndex = 0; path = TucanNews.app; sourceTree = BUILT_PRODUCTS_DIR; };
		E489FBD728D0C3EF002DE722 /* AppDelegate.swift */ = {isa = PBXFileReference; lastKnownFileType = sourcecode.swift; path = AppDelegate.swift; sourceTree = "<group>"; };
		E489FBE028D0C3F1002DE722 /* Assets.xcassets */ = {isa = PBXFileReference; lastKnownFileType = folder.assetcatalog; path = Assets.xcassets; sourceTree = "<group>"; };
		E489FBE328D0C3F1002DE722 /* Base */ = {isa = PBXFileReference; lastKnownFileType = file.storyboard; name = Base; path = Base.lproj/LaunchScreen.storyboard; sourceTree = "<group>"; };
		E489FBE528D0C3F1002DE722 /* Info.plist */ = {isa = PBXFileReference; lastKnownFileType = text.plist.xml; path = Info.plist; sourceTree = "<group>"; };
		E489FBF128D0C9AC002DE722 /* NewsModel.swift */ = {isa = PBXFileReference; lastKnownFileType = sourcecode.swift; path = NewsModel.swift; sourceTree = "<group>"; };
		E489FBF328D0C9F2002DE722 /* CustomImageView.swift */ = {isa = PBXFileReference; lastKnownFileType = sourcecode.swift; path = CustomImageView.swift; sourceTree = "<group>"; };
		E489FBF528D0CA2A002DE722 /* NetworkManager.swift */ = {isa = PBXFileReference; lastKnownFileType = sourcecode.swift; path = NetworkManager.swift; sourceTree = "<group>"; };
		E489FBF728D0CA8E002DE722 /* NewsListController.swift */ = {isa = PBXFileReference; lastKnownFileType = sourcecode.swift; path = NewsListController.swift; sourceTree = "<group>"; };
		E489FBF928D0CAC2002DE722 /* NewsDetailsController.swift */ = {isa = PBXFileReference; lastKnownFileType = sourcecode.swift; path = NewsDetailsController.swift; sourceTree = "<group>"; };
/* End PBXFileReference section */

/* Begin PBXFrameworksBuildPhase section */
		E489FBD128D0C3EF002DE722 /* Frameworks */ = {
			isa = PBXFrameworksBuildPhase;
			buildActionMask = 2147483647;
			files = (
			);
			runOnlyForDeploymentPostprocessing = 0;
		};
/* End PBXFrameworksBuildPhase section */

/* Begin PBXGroup section */
		E489FBCB28D0C3EF002DE722 = {
			isa = PBXGroup;
			children = (
				E489FBD628D0C3EF002DE722 /* TucanNews */,
				E489FBD528D0C3EF002DE722 /* Products */,
			);
			sourceTree = "<group>";
		};
		E489FBD528D0C3EF002DE722 /* Products */ = {
			isa = PBXGroup;
			children = (
				E489FBD428D0C3EF002DE722 /* TucanNews.app */,
			);
			name = Products;
			sourceTree = "<group>";
		};
		E489FBD628D0C3EF002DE722 /* TucanNews */ = {
			isa = PBXGroup;
			children = (
				E489FBEB28D0C57E002DE722 /* App */,
				E489FBEC28D0C5F5002DE722 /* Models */,
				E489FBED28D0C609002DE722 /* ViewControllers */,
				E489FBEE28D0C624002DE722 /* NetworkManager */,
				E489FBF028D0C657002DE722 /* Resourses */,
			);
			path = TucanNews;
			sourceTree = "<group>";
		};
		E489FBEB28D0C57E002DE722 /* App */ = {
			isa = PBXGroup;
			children = (
				E489FBD728D0C3EF002DE722 /* AppDelegate.swift */,
				E489FBE228D0C3F1002DE722 /* LaunchScreen.storyboard */,
			);
			path = App;
			sourceTree = "<group>";
		};
		E489FBEC28D0C5F5002DE722 /* Models */ = {
			isa = PBXGroup;
			children = (
				E489FBF128D0C9AC002DE722 /* NewsModel.swift */,
			);
			path = Models;
			sourceTree = "<group>";
		};
		E489FBED28D0C609002DE722 /* ViewControllers */ = {
			isa = PBXGroup;
			children = (
				E489FBF728D0CA8E002DE722 /* NewsListController.swift */,
				E489FBF928D0CAC2002DE722 /* NewsDetailsController.swift */,
				E489FBF328D0C9F2002DE722 /* CustomImageView.swift */,
			);
			path = ViewControllers;
			sourceTree = "<group>";
		};
		E489FBEE28D0C624002DE722 /* NetworkManager */ = {
			isa = PBXGroup;
			children = (
				E4027DEF28D0FA7000894186 /* Request.swift */,
				E489FBF528D0CA2A002DE722 /* NetworkManager.swift */,
			);
			path = NetworkManager;
			sourceTree = "<group>";
		};
		E489FBF028D0C657002DE722 /* Resourses */ = {
			isa = PBXGroup;
			children = (
				E489FBE528D0C3F1002DE722 /* Info.plist */,
				E489FBE028D0C3F1002DE722 /* Assets.xcassets */,
			);
			path = Resourses;
			sourceTree = "<group>";
		};
/* End PBXGroup section */

/* Begin PBXNativeTarget section */
		E489FBD328D0C3EF002DE722 /* TucanNews */ = {
			isa = PBXNativeTarget;
			buildConfigurationList = E489FBE828D0C3F1002DE722 /* Build configuration list for PBXNativeTarget "TucanNews" */;
			buildPhases = (
				E489FBD028D0C3EF002DE722 /* Sources */,
				E489FBD128D0C3EF002DE722 /* Frameworks */,
				E489FBD228D0C3EF002DE722 /* Resources */,
			);
			buildRules = (
			);
			dependencies = (
			);
			name = TucanNews;
			productName = TucanNews;
			productReference = E489FBD428D0C3EF002DE722 /* TucanNews.app */;
			productType = "com.apple.product-type.application";
		};
/* End PBXNativeTarget section */

/* Begin PBXProject section */
		E489FBCC28D0C3EF002DE722 /* Project object */ = {
			isa = PBXProject;
			attributes = {
				BuildIndependentTargetsInParallel = 1;
				LastSwiftUpdateCheck = 1340;
				LastUpgradeCheck = 1340;
				TargetAttributes = {
					E489FBD328D0C3EF002DE722 = {
						CreatedOnToolsVersion = 13.4.1;
					};
				};
			};
			buildConfigurationList = E489FBCF28D0C3EF002DE722 /* Build configuration list for PBXProject "TucanNews" */;
			compatibilityVersion = "Xcode 13.0";
			developmentRegion = en;
			hasScannedForEncodings = 0;
			knownRegions = (
				en,
				Base,
			);
			mainGroup = E489FBCB28D0C3EF002DE722;
			productRefGroup = E489FBD528D0C3EF002DE722 /* Products */;
			projectDirPath = "";
			projectRoot = "";
			targets = (
				E489FBD328D0C3EF002DE722 /* TucanNews */,
			);
		};
/* End PBXProject section */

/* Begin PBXResourcesBuildPhase section */
		E489FBD228D0C3EF002DE722 /* Resources */ = {
			isa = PBXResourcesBuildPhase;
			buildActionMask = 2147483647;
			files = (
				E489FBE428D0C3F1002DE722 /* LaunchScreen.storyboard in Resources */,
				E489FBE128D0C3F1002DE722 /* Assets.xcassets in Resources */,
			);
			runOnlyForDeploymentPostprocessing = 0;
		};
/* End PBXResourcesBuildPhase section */

/* Begin PBXSourcesBuildPhase section */
		E489FBD028D0C3EF002DE722 /* Sources */ = {
			isa = PBXSourcesBuildPhase;
			buildActionMask = 2147483647;
			files = (
				E489FBF828D0CA8E002DE722 /* NewsListController.swift in Sources */,
				E4027DF028D0FA7000894186 /* Request.swift in Sources */,
				E489FBF228D0C9AC002DE722 /* NewsModel.swift in Sources */,
				E489FBF428D0C9F2002DE722 /* CustomImageView.swift in Sources */,
				E489FBF628D0CA2A002DE722 /* NetworkManager.swift in Sources */,
				E489FBD828D0C3EF002DE722 /* AppDelegate.swift in Sources */,
				E489FBFA28D0CAC2002DE722 /* NewsDetailsController.swift in Sources */,
			);
			runOnlyForDeploymentPostprocessing = 0;
		};
/* End PBXSourcesBuildPhase section */

/* Begin PBXVariantGroup section */
		E489FBE228D0C3F1002DE722 /* LaunchScreen.storyboard */ = {
			isa = PBXVariantGroup;
			children = (
				E489FBE328D0C3F1002DE722 /* Base */,
			);
			name = LaunchScreen.storyboard;
			sourceTree = "<group>";
		};
/* End PBXVariantGroup section */

/* Begin XCBuildConfiguration section */
		E489FBE628D0C3F1002DE722 /* Debug */ = {
			isa = XCBuildConfiguration;
			buildSettings = {
				ALWAYS_SEARCH_USER_PATHS = NO;
				CLANG_ANALYZER_NONNULL = YES;
				CLANG_ANALYZER_NUMBER_OBJECT_CONVERSION = YES_AGGRESSIVE;
				CLANG_CXX_LANGUAGE_STANDARD = "gnu++17";
				CLANG_ENABLE_MODULES = YES;
				CLANG_ENABLE_OBJC_ARC = YES;
				CLANG_ENABLE_OBJC_WEAK = YES;
				CLANG_WARN_BLOCK_CAPTURE_AUTORELEASING = YES;
				CLANG_WARN_BOOL_CONVERSION = YES;
				CLANG_WARN_COMMA = YES;
				CLANG_WARN_CONSTANT_CONVERSION = YES;
				CLANG_WARN_DEPRECATED_OBJC_IMPLEMENTATIONS = YES;
				CLANG_WARN_DIRECT_OBJC_ISA_USAGE = YES_ERROR;
				CLANG_WARN_DOCUMENTATION_COMMENTS = YES;
				CLANG_WARN_EMPTY_BODY = YES;
				CLANG_WARN_ENUM_CONVERSION = YES;
				CLANG_WARN_INFINITE_RECURSION = YES;
				CLANG_WARN_INT_CONVERSION = YES;
				CLANG_WARN_NON_LITERAL_NULL_CONVERSION = YES;
				CLANG_WARN_OBJC_IMPLICIT_RETAIN_SELF = YES;
				CLANG_WARN_OBJC_LITERAL_CONVERSION = YES;
				CLANG_WARN_OBJC_ROOT_CLASS = YES_ERROR;
				CLANG_WARN_QUOTED_INCLUDE_IN_FRAMEWORK_HEADER = YES;
				CLANG_WARN_RANGE_LOOP_ANALYSIS = YES;
				CLANG_WARN_STRICT_PROTOTYPES = YES;
				CLANG_WARN_SUSPICIOUS_MOVE = YES;
				CLANG_WARN_UNGUARDED_AVAILABILITY = YES_AGGRESSIVE;
				CLANG_WARN_UNREACHABLE_CODE = YES;
				CLANG_WARN__DUPLICATE_METHOD_MATCH = YES;
				COPY_PHASE_STRIP = NO;
				DEBUG_INFORMATION_FORMAT = dwarf;
				ENABLE_STRICT_OBJC_MSGSEND = YES;
				ENABLE_TESTABILITY = YES;
				GCC_C_LANGUAGE_STANDARD = gnu11;
				GCC_DYNAMIC_NO_PIC = NO;
				GCC_NO_COMMON_BLOCKS = YES;
				GCC_OPTIMIZATION_LEVEL = 0;
				GCC_PREPROCESSOR_DEFINITIONS = (
					"DEBUG=1",
					"$(inherited)",
				);
				GCC_WARN_64_TO_32_BIT_CONVERSION = YES;
				GCC_WARN_ABOUT_RETURN_TYPE = YES_ERROR;
				GCC_WARN_UNDECLARED_SELECTOR = YES;
				GCC_WARN_UNINITIALIZED_AUTOS = YES_AGGRESSIVE;
				GCC_WARN_UNUSED_FUNCTION = YES;
				GCC_WARN_UNUSED_VARIABLE = YES;
				IPHONEOS_DEPLOYMENT_TARGET = 15.5;
				MTL_ENABLE_DEBUG_INFO = INCLUDE_SOURCE;
				MTL_FAST_MATH = YES;
				ONLY_ACTIVE_ARCH = YES;
				SDKROOT = iphoneos;
				SWIFT_ACTIVE_COMPILATION_CONDITIONS = DEBUG;
				SWIFT_OPTIMIZATION_LEVEL = "-Onone";
			};
			name = Debug;
		};
		E489FBE728D0C3F1002DE722 /* Release */ = {
			isa = XCBuildConfiguration;
			buildSettings = {
				ALWAYS_SEARCH_USER_PATHS = NO;
				CLANG_ANALYZER_NONNULL = YES;
				CLANG_ANALYZER_NUMBER_OBJECT_CONVERSION = YES_AGGRESSIVE;
				CLANG_CXX_LANGUAGE_STANDARD = "gnu++17";
				CLANG_ENABLE_MODULES = YES;
				CLANG_ENABLE_OBJC_ARC = YES;
				CLANG_ENABLE_OBJC_WEAK = YES;
				CLANG_WARN_BLOCK_CAPTURE_AUTORELEASING = YES;
				CLANG_WARN_BOOL_CONVERSION = YES;
				CLANG_WARN_COMMA = YES;
				CLANG_WARN_CONSTANT_CONVERSION = YES;
				CLANG_WARN_DEPRECATED_OBJC_IMPLEMENTATIONS = YES;
				CLANG_WARN_DIRECT_OBJC_ISA_USAGE = YES_ERROR;
				CLANG_WARN_DOCUMENTATION_COMMENTS = YES;
				CLANG_WARN_EMPTY_BODY = YES;
				CLANG_WARN_ENUM_CONVERSION = YES;
				CLANG_WARN_INFINITE_RECURSION = YES;
				CLANG_WARN_INT_CONVERSION = YES;
				CLANG_WARN_NON_LITERAL_NULL_CONVERSION = YES;
				CLANG_WARN_OBJC_IMPLICIT_RETAIN_SELF = YES;
				CLANG_WARN_OBJC_LITERAL_CONVERSION = YES;
				CLANG_WARN_OBJC_ROOT_CLASS = YES_ERROR;
				CLANG_WARN_QUOTED_INCLUDE_IN_FRAMEWORK_HEADER = YES;
				CLANG_WARN_RANGE_LOOP_ANALYSIS = YES;
				CLANG_WARN_STRICT_PROTOTYPES = YES;
				CLANG_WARN_SUSPICIOUS_MOVE = YES;
				CLANG_WARN_UNGUARDED_AVAILABILITY = YES_AGGRESSIVE;
				CLANG_WARN_UNREACHABLE_CODE = YES;
				CLANG_WARN__DUPLICATE_METHOD_MATCH = YES;
				COPY_PHASE_STRIP = NO;
				DEBUG_INFORMATION_FORMAT = "dwarf-with-dsym";
				ENABLE_NS_ASSERTIONS = NO;
				ENABLE_STRICT_OBJC_MSGSEND = YES;
				GCC_C_LANGUAGE_STANDARD = gnu11;
				GCC_NO_COMMON_BLOCKS = YES;
				GCC_WARN_64_TO_32_BIT_CONVERSION = YES;
				GCC_WARN_ABOUT_RETURN_TYPE = YES_ERROR;
				GCC_WARN_UNDECLARED_SELECTOR = YES;
				GCC_WARN_UNINITIALIZED_AUTOS = YES_AGGRESSIVE;
				GCC_WARN_UNUSED_FUNCTION = YES;
				GCC_WARN_UNUSED_VARIABLE = YES;
				IPHONEOS_DEPLOYMENT_TARGET = 15.5;
				MTL_ENABLE_DEBUG_INFO = NO;
				MTL_FAST_MATH = YES;
				SDKROOT = iphoneos;
				SWIFT_COMPILATION_MODE = wholemodule;
				SWIFT_OPTIMIZATION_LEVEL = "-O";
				VALIDATE_PRODUCT = YES;
			};
			name = Release;
		};
		E489FBE928D0C3F1002DE722 /* Debug */ = {
			isa = XCBuildConfiguration;
			buildSettings = {
				ASSETCATALOG_COMPILER_APPICON_NAME = AppIcon;
				ASSETCATALOG_COMPILER_GLOBAL_ACCENT_COLOR_NAME = AccentColor;
				CODE_SIGN_STYLE = Automatic;
				CURRENT_PROJECT_VERSION = 1;
				GENERATE_INFOPLIST_FILE = YES;
				INFOPLIST_FILE = TucanNews/Info.plist;
				INFOPLIST_KEY_UIApplicationSupportsIndirectInputEvents = YES;
				INFOPLIST_KEY_UILaunchStoryboardName = LaunchScreen;
				INFOPLIST_KEY_UIStatusBarStyle = "";
				INFOPLIST_KEY_UISupportedInterfaceOrientations_iPad = "UIInterfaceOrientationPortrait UIInterfaceOrientationPortraitUpsideDown UIInterfaceOrientationLandscapeLeft UIInterfaceOrientationLandscapeRight";
				INFOPLIST_KEY_UISupportedInterfaceOrientations_iPhone = "UIInterfaceOrientationPortrait UIInterfaceOrientationLandscapeLeft UIInterfaceOrientationLandscapeRight";
				LD_RUNPATH_SEARCH_PATHS = (
					"$(inherited)",
					"@executable_path/Frameworks",
				);
				MARKETING_VERSION = 1.0;
				PRODUCT_BUNDLE_IDENTIFIER = "-.TucanNews";
				PRODUCT_NAME = "$(TARGET_NAME)";
				SWIFT_EMIT_LOC_STRINGS = YES;
				SWIFT_VERSION = 5.0;
				TARGETED_DEVICE_FAMILY = "1,2";
			};
			name = Debug;
		};
		E489FBEA28D0C3F1002DE722 /* Release */ = {
			isa = XCBuildConfiguration;
			buildSettings = {
				ASSETCATALOG_COMPILER_APPICON_NAME = AppIcon;
				ASSETCATALOG_COMPILER_GLOBAL_ACCENT_COLOR_NAME = AccentColor;
				CODE_SIGN_STYLE = Automatic;
				CURRENT_PROJECT_VERSION = 1;
				GENERATE_INFOPLIST_FILE = YES;
				INFOPLIST_FILE = TucanNews/Info.plist;
				INFOPLIST_KEY_UIApplicationSupportsIndirectInputEvents = YES;
				INFOPLIST_KEY_UILaunchStoryboardName = LaunchScreen;
				INFOPLIST_KEY_UIStatusBarStyle = "";
				INFOPLIST_KEY_UISupportedInterfaceOrientations_iPad = "UIInterfaceOrientationPortrait UIInterfaceOrientationPortraitUpsideDown UIInterfaceOrientationLandscapeLeft UIInterfaceOrientationLandscapeRight";
				INFOPLIST_KEY_UISupportedInterfaceOrientations_iPhone = "UIInterfaceOrientationPortrait UIInterfaceOrientationLandscapeLeft UIInterfaceOrientationLandscapeRight";
				LD_RUNPATH_SEARCH_PATHS = (
					"$(inherited)",
					"@executable_path/Frameworks",
				);
				MARKETING_VERSION = 1.0;
				PRODUCT_BUNDLE_IDENTIFIER = "-.TucanNews";
				PRODUCT_NAME = "$(TARGET_NAME)";
				SWIFT_EMIT_LOC_STRINGS = YES;
				SWIFT_VERSION = 5.0;
				TARGETED_DEVICE_FAMILY = "1,2";
			};
			name = Release;
		};
/* End XCBuildConfiguration section */

/* Begin XCConfigurationList section */
		E489FBCF28D0C3EF002DE722 /* Build configuration list for PBXProject "TucanNews" */ = {
			isa = XCConfigurationList;
			buildConfigurations = (
				E489FBE628D0C3F1002DE722 /* Debug */,
				E489FBE728D0C3F1002DE722 /* Release */,
			);
			defaultConfigurationIsVisible = 0;
			defaultConfigurationName = Release;
		};
		E489FBE828D0C3F1002DE722 /* Build configuration list for PBXNativeTarget "TucanNews" */ = {
			isa = XCConfigurationList;
			buildConfigurations = (
				E489FBE928D0C3F1002DE722 /* Debug */,
				E489FBEA28D0C3F1002DE722 /* Release */,
			);
			defaultConfigurationIsVisible = 0;
			defaultConfigurationName = Release;
		};
/* End XCConfigurationList section */
	};
	rootObject = E489FBCC28D0C3EF002DE722 /* Project object */;
}
